// !$*UTF8*$!
{
	archiveVersion = 1;
	classes = {
	};
	objectVersion = 46;
	objects = {

/* Begin PBXBuildFile section */
		2FE521BB1E8B416300CB2BF3 /* AppDelegate.swift in Sources */ = {isa = PBXBuildFile; fileRef = 2FE521BA1E8B416300CB2BF3 /* AppDelegate.swift */; };
		2FE521BD1E8B416300CB2BF3 /* ViewController.swift in Sources */ = {isa = PBXBuildFile; fileRef = 2FE521BC1E8B416300CB2BF3 /* ViewController.swift */; };
		2FE521C01E8B416300CB2BF3 /* Main.storyboard in Resources */ = {isa = PBXBuildFile; fileRef = 2FE521BE1E8B416300CB2BF3 /* Main.storyboard */; };
		2FE521C21E8B416300CB2BF3 /* Assets.xcassets in Resources */ = {isa = PBXBuildFile; fileRef = 2FE521C11E8B416300CB2BF3 /* Assets.xcassets */; };
		2FE521C51E8B416300CB2BF3 /* LaunchScreen.storyboard in Resources */ = {isa = PBXBuildFile; fileRef = 2FE521C31E8B416300CB2BF3 /* LaunchScreen.storyboard */; };
		AE37EF35670E8419D8A71A2C /* libPods-FaceEntry.a in Frameworks */ = {isa = PBXBuildFile; fileRef = D2428B3EDB9B7FAC268872A2 /* libPods-FaceEntry.a */; };
/* End PBXBuildFile section */

/* Begin PBXFileReference section */
		2FE521B71E8B416300CB2BF3 /* FaceEntry.app */ = {isa = PBXFileReference; explicitFileType = wrapper.application; includeInIndex = 0; path = FaceEntry.app; sourceTree = BUILT_PRODUCTS_DIR; };
		2FE521BA1E8B416300CB2BF3 /* AppDelegate.swift */ = {isa = PBXFileReference; lastKnownFileType = sourcecode.swift; path = AppDelegate.swift; sourceTree = "<group>"; };
		2FE521BC1E8B416300CB2BF3 /* ViewController.swift */ = {isa = PBXFileReference; lastKnownFileType = sourcecode.swift; path = ViewController.swift; sourceTree = "<group>"; };
		2FE521BF1E8B416300CB2BF3 /* Base */ = {isa = PBXFileReference; lastKnownFileType = file.storyboard; name = Base; path = Base.lproj/Main.storyboard; sourceTree = "<group>"; };
		2FE521C11E8B416300CB2BF3 /* Assets.xcassets */ = {isa = PBXFileReference; lastKnownFileType = folder.assetcatalog; path = Assets.xcassets; sourceTree = "<group>"; };
		2FE521C41E8B416300CB2BF3 /* Base */ = {isa = PBXFileReference; lastKnownFileType = file.storyboard; name = Base; path = Base.lproj/LaunchScreen.storyboard; sourceTree = "<group>"; };
		2FE521C61E8B416300CB2BF3 /* Info.plist */ = {isa = PBXFileReference; lastKnownFileType = text.plist.xml; path = Info.plist; sourceTree = "<group>"; };
		4D9F486384E8B7EBC10ECECA /* Pods-FaceEntry.release.xcconfig */ = {isa = PBXFileReference; includeInIndex = 1; lastKnownFileType = text.xcconfig; name = "Pods-FaceEntry.release.xcconfig"; path = "../Pods/Target Support Files/Pods-FaceEntry/Pods-FaceEntry.release.xcconfig"; sourceTree = "<group>"; };
		D2428B3EDB9B7FAC268872A2 /* libPods-FaceEntry.a */ = {isa = PBXFileReference; explicitFileType = archive.ar; includeInIndex = 0; path = "libPods-FaceEntry.a"; sourceTree = BUILT_PRODUCTS_DIR; };
		F60355CC16A17821AE0498A1 /* Pods-FaceEntry.debug.xcconfig */ = {isa = PBXFileReference; includeInIndex = 1; lastKnownFileType = text.xcconfig; name = "Pods-FaceEntry.debug.xcconfig"; path = "../Pods/Target Support Files/Pods-FaceEntry/Pods-FaceEntry.debug.xcconfig"; sourceTree = "<group>"; };
/* End PBXFileReference section */

/* Begin PBXFrameworksBuildPhase section */
		2FE521B41E8B416300CB2BF3 /* Frameworks */ = {
			isa = PBXFrameworksBuildPhase;
			buildActionMask = 2147483647;
			files = (
				AE37EF35670E8419D8A71A2C /* libPods-FaceEntry.a in Frameworks */,
			);
			runOnlyForDeploymentPostprocessing = 0;
		};
/* End PBXFrameworksBuildPhase section */

/* Begin PBXGroup section */
		2FE521AE1E8B416300CB2BF3 = {
			isa = PBXGroup;
			children = (
				2FE521B91E8B416300CB2BF3 /* FaceEntry */,
				2FE521B81E8B416300CB2BF3 /* Products */,
				AF295205C4F3E3F6B0A801DA /* Pods */,
				51D2E3ADE395CC957EB92890 /* Frameworks */,
			);
			sourceTree = "<group>";
		};
		2FE521B81E8B416300CB2BF3 /* Products */ = {
			isa = PBXGroup;
			children = (
				2FE521B71E8B416300CB2BF3 /* FaceEntry.app */,
			);
			name = Products;
			sourceTree = "<group>";
		};
		2FE521B91E8B416300CB2BF3 /* FaceEntry */ = {
			isa = PBXGroup;
			children = (
				2FE521BA1E8B416300CB2BF3 /* AppDelegate.swift */,
				2FE521BC1E8B416300CB2BF3 /* ViewController.swift */,
				2FE521BE1E8B416300CB2BF3 /* Main.storyboard */,
				2FE521C11E8B416300CB2BF3 /* Assets.xcassets */,
				2FE521C31E8B416300CB2BF3 /* LaunchScreen.storyboard */,
				2FE521C61E8B416300CB2BF3 /* Info.plist */,
			);
			path = FaceEntry;
			sourceTree = "<group>";
		};
		51D2E3ADE395CC957EB92890 /* Frameworks */ = {
			isa = PBXGroup;
			children = (
				D2428B3EDB9B7FAC268872A2 /* libPods-FaceEntry.a */,
			);
			name = Frameworks;
			sourceTree = "<group>";
		};
		AF295205C4F3E3F6B0A801DA /* Pods */ = {
			isa = PBXGroup;
			children = (
				F60355CC16A17821AE0498A1 /* Pods-FaceEntry.debug.xcconfig */,
				4D9F486384E8B7EBC10ECECA /* Pods-FaceEntry.release.xcconfig */,
			);
			name = Pods;
			sourceTree = "<group>";
		};
/* End PBXGroup section */

/* Begin PBXNativeTarget section */
		2FE521B61E8B416300CB2BF3 /* FaceEntry */ = {
			isa = PBXNativeTarget;
			buildConfigurationList = 2FE521C91E8B416300CB2BF3 /* Build configuration list for PBXNativeTarget "FaceEntry" */;
			buildPhases = (
				21ABF6BE4E19346DFEBAF1EA /* [CP] Check Pods Manifest.lock */,
				2FE521B31E8B416300CB2BF3 /* Sources */,
				2FE521B41E8B416300CB2BF3 /* Frameworks */,
				2FE521B51E8B416300CB2BF3 /* Resources */,
				04CBE0D856865963E79DD74F /* [CP] Embed Pods Frameworks */,
				8A5BCD6D7A5BA61434A20DBF /* [CP] Copy Pods Resources */,
			);
			buildRules = (
			);
			dependencies = (
			);
			name = FaceEntry;
			productName = FaceEntry;
			productReference = 2FE521B71E8B416300CB2BF3 /* FaceEntry.app */;
			productType = "com.apple.product-type.application";
		};
/* End PBXNativeTarget section */

/* Begin PBXProject section */
		2FE521AF1E8B416300CB2BF3 /* Project object */ = {
			isa = PBXProject;
			attributes = {
				LastSwiftUpdateCheck = 0830;
				LastUpgradeCheck = 0830;
				ORGANIZATIONNAME = "Keith Moon";
				TargetAttributes = {
					2FE521B61E8B416300CB2BF3 = {
						CreatedOnToolsVersion = 8.3;
						DevelopmentTeam = YAXJZJ267E;
						ProvisioningStyle = Automatic;
					};
				};
			};
			buildConfigurationList = 2FE521B21E8B416300CB2BF3 /* Build configuration list for PBXProject "FaceEntry" */;
			compatibilityVersion = "Xcode 3.2";
			developmentRegion = English;
			hasScannedForEncodings = 0;
			knownRegions = (
				en,
				Base,
			);
			mainGroup = 2FE521AE1E8B416300CB2BF3;
			productRefGroup = 2FE521B81E8B416300CB2BF3 /* Products */;
			projectDirPath = "";
			projectRoot = "";
			targets = (
				2FE521B61E8B416300CB2BF3 /* FaceEntry */,
			);
		};
/* End PBXProject section */

/* Begin PBXResourcesBuildPhase section */
		2FE521B51E8B416300CB2BF3 /* Resources */ = {
			isa = PBXResourcesBuildPhase;
			buildActionMask = 2147483647;
			files = (
				2FE521C51E8B416300CB2BF3 /* LaunchScreen.storyboard in Resources */,
				2FE521C21E8B416300CB2BF3 /* Assets.xcassets in Resources */,
				2FE521C01E8B416300CB2BF3 /* Main.storyboard in Resources */,
			);
			runOnlyForDeploymentPostprocessing = 0;
		};
/* End PBXResourcesBuildPhase section */

/* Begin PBXShellScriptBuildPhase section */
		04CBE0D856865963E79DD74F /* [CP] Embed Pods Frameworks */ = {
			isa = PBXShellScriptBuildPhase;
			buildActionMask = 2147483647;
			files = (
			);
			inputPaths = (
			);
			name = "[CP] Embed Pods Frameworks";
			outputPaths = (
			);
			runOnlyForDeploymentPostprocessing = 0;
			shellPath = /bin/sh;
			shellScript = "\"${SRCROOT}/../Pods/Target Support Files/Pods-FaceEntry/Pods-FaceEntry-frameworks.sh\"\n";
			showEnvVarsInLog = 0;
		};
		21ABF6BE4E19346DFEBAF1EA /* [CP] Check Pods Manifest.lock */ = {
			isa = PBXShellScriptBuildPhase;
			buildActionMask = 2147483647;
			files = (
			);
			inputPaths = (
			);
			name = "[CP] Check Pods Manifest.lock";
			outputPaths = (
			);
			runOnlyForDeploymentPostprocessing = 0;
			shellPath = /bin/sh;
			shellScript = "diff \"${PODS_ROOT}/../Podfile.lock\" \"${PODS_ROOT}/Manifest.lock\" > /dev/null\nif [ $? != 0 ] ; then\n    # print error to STDERR\n    echo \"error: The sandbox is not in sync with the Podfile.lock. Run 'pod install' or update your CocoaPods installation.\" >&2\n    exit 1\nfi\n";
			showEnvVarsInLog = 0;
		};
		8A5BCD6D7A5BA61434A20DBF /* [CP] Copy Pods Resources */ = {
			isa = PBXShellScriptBuildPhase;
			buildActionMask = 2147483647;
			files = (
			);
			inputPaths = (
			);
			name = "[CP] Copy Pods Resources";
			outputPaths = (
			);
			runOnlyForDeploymentPostprocessing = 0;
			shellPath = /bin/sh;
			shellScript = "\"${SRCROOT}/../Pods/Target Support Files/Pods-FaceEntry/Pods-FaceEntry-resources.sh\"\n";
			showEnvVarsInLog = 0;
		};
/* End PBXShellScriptBuildPhase section */

/* Begin PBXSourcesBuildPhase section */
		2FE521B31E8B416300CB2BF3 /* Sources */ = {
			isa = PBXSourcesBuildPhase;
			buildActionMask = 2147483647;
			files = (
				2FE521BD1E8B416300CB2BF3 /* ViewController.swift in Sources */,
				2FE521BB1E8B416300CB2BF3 /* AppDelegate.swift in Sources */,
			);
			runOnlyForDeploymentPostprocessing = 0;
		};
/* End PBXSourcesBuildPhase section */

/* Begin PBXVariantGroup section */
		2FE521BE1E8B416300CB2BF3 /* Main.storyboard */ = {
			isa = PBXVariantGroup;
			children = (
				2FE521BF1E8B416300CB2BF3 /* Base */,
			);
			name = Main.storyboard;
			sourceTree = "<group>";
		};
		2FE521C31E8B416300CB2BF3 /* LaunchScreen.storyboard */ = {
			isa = PBXVariantGroup;
			children = (
				2FE521C41E8B416300CB2BF3 /* Base */,
			);
			name = LaunchScreen.storyboard;
			sourceTree = "<group>";
		};
/* End PBXVariantGroup section */

/* Begin XCBuildConfiguration section */
		2FE521C71E8B416300CB2BF3 /* Debug */ = {
			isa = XCBuildConfiguration;
			buildSettings = {
				ALWAYS_SEARCH_USER_PATHS = NO;
				CLANG_ANALYZER_NONNULL = YES;
				CLANG_ANALYZER_NUMBER_OBJECT_CONVERSION = YES_AGGRESSIVE;
				CLANG_CXX_LANGUAGE_STANDARD = "gnu++0x";
				CLANG_CXX_LIBRARY = "libc++";
				CLANG_ENABLE_MODULES = YES;
				CLANG_ENABLE_OBJC_ARC = YES;
				CLANG_WARN_BOOL_CONVERSION = YES;
				CLANG_WARN_CONSTANT_CONVERSION = YES;
				CLANG_WARN_DIRECT_OBJC_ISA_USAGE = YES_ERROR;
				CLANG_WARN_DOCUMENTATION_COMMENTS = YES;
				CLANG_WARN_EMPTY_BODY = YES;
				CLANG_WARN_ENUM_CONVERSION = YES;
				CLANG_WARN_INFINITE_RECURSION = YES;
				CLANG_WARN_INT_CONVERSION = YES;
				CLANG_WARN_OBJC_ROOT_CLASS = YES_ERROR;
				CLANG_WARN_SUSPICIOUS_MOVE = YES;
				CLANG_WARN_UNREACHABLE_CODE = YES;
				CLANG_WARN__DUPLICATE_METHOD_MATCH = YES;
				"CODE_SIGN_IDENTITY[sdk=iphoneos*]" = "iPhone Developer";
				COPY_PHASE_STRIP = NO;
				DEBUG_INFORMATION_FORMAT = dwarf;
				ENABLE_STRICT_OBJC_MSGSEND = YES;
				ENABLE_TESTABILITY = YES;
				GCC_C_LANGUAGE_STANDARD = gnu99;
				GCC_DYNAMIC_NO_PIC = NO;
				GCC_NO_COMMON_BLOCKS = YES;
				GCC_OPTIMIZATION_LEVEL = 0;
				GCC_PREPROCESSOR_DEFINITIONS = (
					"DEBUG=1",
					"$(inherited)",
				);
				GCC_WARN_64_TO_32_BIT_CONVERSION = YES;
				GCC_WARN_ABOUT_RETURN_TYPE = YES_ERROR;
				GCC_WARN_UNDECLARED_SELECTOR = YES;
				GCC_WARN_UNINITIALIZED_AUTOS = YES_AGGRESSIVE;
				GCC_WARN_UNUSED_FUNCTION = YES;
				GCC_WARN_UNUSED_VARIABLE = YES;
				IPHONEOS_DEPLOYMENT_TARGET = 10.3;
				MTL_ENABLE_DEBUG_INFO = YES;
				ONLY_ACTIVE_ARCH = YES;
				SDKROOT = iphoneos;
				SWIFT_ACTIVE_COMPILATION_CONDITIONS = DEBUG;
				SWIFT_OPTIMIZATION_LEVEL = "-Onone";
				TARGETED_DEVICE_FAMILY = "1,2";
			};
			name = Debug;
		};
		2FE521C81E8B416300CB2BF3 /* Release */ = {
			isa = XCBuildConfiguration;
			buildSettings = {
				ALWAYS_SEARCH_USER_PATHS = NO;
				CLANG_ANALYZER_NONNULL = YES;
				CLANG_ANALYZER_NUMBER_OBJECT_CONVERSION = YES_AGGRESSIVE;
				CLANG_CXX_LANGUAGE_STANDARD = "gnu++0x";
				CLANG_CXX_LIBRARY = "libc++";
				CLANG_ENABLE_MODULES = YES;
				CLANG_ENABLE_OBJC_ARC = YES;
				CLANG_WARN_BOOL_CONVERSION = YES;
				CLANG_WARN_CONSTANT_CONVERSION = YES;
				CLANG_WARN_DIRECT_OBJC_ISA_USAGE = YES_ERROR;
				CLANG_WARN_DOCUMENTATION_COMMENTS = YES;
				CLANG_WARN_EMPTY_BODY = YES;
				CLANG_WARN_ENUM_CONVERSION = YES;
				CLANG_WARN_INFINITE_RECURSION = YES;
				CLANG_WARN_INT_CONVERSION = YES;
				CLANG_WARN_OBJC_ROOT_CLASS = YES_ERROR;
				CLANG_WARN_SUSPICIOUS_MOVE = YES;
				CLANG_WARN_UNREACHABLE_CODE = YES;
				CLANG_WARN__DUPLICATE_METHOD_MATCH = YES;
				"CODE_SIGN_IDENTITY[sdk=iphoneos*]" = "iPhone Developer";
				COPY_PHASE_STRIP = NO;
				DEBUG_INFORMATION_FORMAT = "dwarf-with-dsym";
				ENABLE_NS_ASSERTIONS = NO;
				ENABLE_STRICT_OBJC_MSGSEND = YES;
				GCC_C_LANGUAGE_STANDARD = gnu99;
				GCC_NO_COMMON_BLOCKS = YES;
				GCC_WARN_64_TO_32_BIT_CONVERSION = YES;
				GCC_WARN_ABOUT_RETURN_TYPE = YES_ERROR;
				GCC_WARN_UNDECLARED_SELECTOR = YES;
				GCC_WARN_UNINITIALIZED_AUTOS = YES_AGGRESSIVE;
				GCC_WARN_UNUSED_FUNCTION = YES;
				GCC_WARN_UNUSED_VARIABLE = YES;
				IPHONEOS_DEPLOYMENT_TARGET = 10.3;
				MTL_ENABLE_DEBUG_INFO = NO;
				SDKROOT = iphoneos;
				SWIFT_OPTIMIZATION_LEVEL = "-Owholemodule";
				TARGETED_DEVICE_FAMILY = "1,2";
				VALIDATE_PRODUCT = YES;
			};
			name = Release;
		};
		2FE521CA1E8B416300CB2BF3 /* Debug */ = {
			isa = XCBuildConfiguration;
			baseConfigurationReference = F60355CC16A17821AE0498A1 /* Pods-FaceEntry.debug.xcconfig */;
			buildSettings = {
				ASSETCATALOG_COMPILER_APPICON_NAME = AppIcon;
				DEVELOPMENT_TEAM = YAXJZJ267E;
				INFOPLIST_FILE = FaceEntry/Info.plist;
				LD_RUNPATH_SEARCH_PATHS = "$(inherited) @executable_path/Frameworks";
				PRODUCT_BUNDLE_IDENTIFIER = com.keefmoon.FaceEntry;
				PRODUCT_NAME = "$(TARGET_NAME)";
				SWIFT_VERSION = 3.0;
			};
			name = Debug;
		};
		2FE521CB1E8B416300CB2BF3 /* Release */ = {
			isa = XCBuildConfiguration;
			baseConfigurationReference = 4D9F486384E8B7EBC10ECECA /* Pods-FaceEntry.release.xcconfig */;
			buildSettings = {
				ASSETCATALOG_COMPILER_APPICON_NAME = AppIcon;
				DEVELOPMENT_TEAM = YAXJZJ267E;
				INFOPLIST_FILE = FaceEntry/Info.plist;
				LD_RUNPATH_SEARCH_PATHS = "$(inherited) @executable_path/Frameworks";
				PRODUCT_BUNDLE_IDENTIFIER = com.keefmoon.FaceEntry;
				PRODUCT_NAME = "$(TARGET_NAME)";
				SWIFT_VERSION = 3.0;
			};
			name = Release;
		};
/* End XCBuildConfiguration section */

/* Begin XCConfigurationList section */
		2FE521B21E8B416300CB2BF3 /* Build configuration list for PBXProject "FaceEntry" */ = {
			isa = XCConfigurationList;
			buildConfigurations = (
				2FE521C71E8B416300CB2BF3 /* Debug */,
				2FE521C81E8B416300CB2BF3 /* Release */,
			);
			defaultConfigurationIsVisible = 0;
			defaultConfigurationName = Release;
		};
		2FE521C91E8B416300CB2BF3 /* Build configuration list for PBXNativeTarget "FaceEntry" */ = {
			isa = XCConfigurationList;
			buildConfigurations = (
				2FE521CA1E8B416300CB2BF3 /* Debug */,
				2FE521CB1E8B416300CB2BF3 /* Release */,
			);
			defaultConfigurationIsVisible = 0;
		};
/* End XCConfigurationList section */
	};
	rootObject = 2FE521AF1E8B416300CB2BF3 /* Project object */;
}
